<Solution>
  <Project Path="AdrianHashLib/AdrianHashLib.csproj" />
  <Project Path="AdrianStoreService/AdrianStoreService.csproj" />
  <Project Path="BellaStoreService/BellaStoreService.csproj" />
  <Project Path="MiniStoreWeb/MiniStoreWeb.csproj">
    <BuildDependency Project="BellaStoreService/BellaStoreService.csproj" />
    <BuildDependency Project="AdrianHashLib/AdrianHashLib.csproj" />
    <BuildDependency Project="AdrianStoreService/AdrianStoreService.csproj" />
  </Project>
</Solution>
